
Microsoft Visual Studio Solution File, Format Version 12.00
# Visual Studio Version 17
VisualStudioVersion = 17.0.31903.59
MinimumVisualStudioVersion = 10.0.40219.1
Project("{2150E333-8FDC-42A3-9474-1A3956D46DE8}") = "src", "src", "{851D6FF1-BBA3-4D52-AC88-9CFE37826D72}"
EndProject
Project("{FAE04EC0-301F-11D3-BF4B-00C04F79EFBC}") = "SchackBot.Engine", "src\SchackBot.Engine\SchackBot.Engine.csproj", "{774BE19B-1693-42F4-9CB9-38AF0E8EF236}"
EndProject
Project("{2150E333-8FDC-42A3-9474-1A3956D46DE8}") = "tests", "tests", "{562DA74B-981E-4710-A01D-5C2E4212217C}"
EndProject
Project("{FAE04EC0-301F-11D3-BF4B-00C04F79EFBC}") = "SchackBot.Engine.Tests", "tests\SchackBot.Engine.Tests\SchackBot.Engine.Tests.csproj", "{8F00B052-22C7-43B5-BFFD-63727FFDD716}"
EndProject
Global
	GlobalSection(SolutionConfigurationPlatforms) = preSolution
		Debug|Any CPU = Debug|Any CPU
		Release|Any CPU = Release|Any CPU
	EndGlobalSection
	GlobalSection(SolutionProperties) = preSolution
		HideSolutionNode = FALSE
	EndGlobalSection
	GlobalSection(ProjectConfigurationPlatforms) = postSolution
		{774BE19B-1693-42F4-9CB9-38AF0E8EF236}.Debug|Any CPU.ActiveCfg = Debug|Any CPU
		{774BE19B-1693-42F4-9CB9-38AF0E8EF236}.Debug|Any CPU.Build.0 = Debug|Any CPU
		{774BE19B-1693-42F4-9CB9-38AF0E8EF236}.Release|Any CPU.ActiveCfg = Release|Any CPU
		{774BE19B-1693-42F4-9CB9-38AF0E8EF236}.Release|Any CPU.Build.0 = Release|Any CPU
		{8F00B052-22C7-43B5-BFFD-63727FFDD716}.Debug|Any CPU.ActiveCfg = Debug|Any CPU
		{8F00B052-22C7-43B5-BFFD-63727FFDD716}.Debug|Any CPU.Build.0 = Debug|Any CPU
		{8F00B052-22C7-43B5-BFFD-63727FFDD716}.Release|Any CPU.ActiveCfg = Release|Any CPU
		{8F00B052-22C7-43B5-BFFD-63727FFDD716}.Release|Any CPU.Build.0 = Release|Any CPU
	EndGlobalSection
	GlobalSection(NestedProjects) = preSolution
		{774BE19B-1693-42F4-9CB9-38AF0E8EF236} = {851D6FF1-BBA3-4D52-AC88-9CFE37826D72}
		{8F00B052-22C7-43B5-BFFD-63727FFDD716} = {562DA74B-981E-4710-A01D-5C2E4212217C}
	EndGlobalSection
EndGlobal
